// !$*UTF8*$!
{
	archiveVersion = 1;
	classes = {
	};
	objectVersion = 46;
	objects = {

/* Begin PBXBuildFile section */
		F0A2D49F1C8BA42200E36FC7 /* main.m in Sources */ = {isa = PBXBuildFile; fileRef = F0A2D49E1C8BA42200E36FC7 /* main.m */; };
		F0A2D4A21C8BA42200E36FC7 /* AppDelegate.m in Sources */ = {isa = PBXBuildFile; fileRef = F0A2D4A11C8BA42200E36FC7 /* AppDelegate.m */; };
		F0A2D4A51C8BA42200E36FC7 /* TestSimperiumCat.xcdatamodeld in Sources */ = {isa = PBXBuildFile; fileRef = F0A2D4A31C8BA42200E36FC7 /* TestSimperiumCat.xcdatamodeld */; };
		F0A2D4A81C8BA42200E36FC7 /* MasterViewController.m in Sources */ = {isa = PBXBuildFile; fileRef = F0A2D4A71C8BA42200E36FC7 /* MasterViewController.m */; };
		F0A2D4AB1C8BA42200E36FC7 /* DetailViewController.m in Sources */ = {isa = PBXBuildFile; fileRef = F0A2D4AA1C8BA42200E36FC7 /* DetailViewController.m */; };
		F0A2D4AE1C8BA42200E36FC7 /* Main.storyboard in Resources */ = {isa = PBXBuildFile; fileRef = F0A2D4AC1C8BA42200E36FC7 /* Main.storyboard */; };
		F0A2D4B01C8BA42200E36FC7 /* Assets.xcassets in Resources */ = {isa = PBXBuildFile; fileRef = F0A2D4AF1C8BA42200E36FC7 /* Assets.xcassets */; };
		F0A2D4B31C8BA42200E36FC7 /* LaunchScreen.storyboard in Resources */ = {isa = PBXBuildFile; fileRef = F0A2D4B11C8BA42200E36FC7 /* LaunchScreen.storyboard */; };
		F0A2D4BE1C8BA42200E36FC7 /* TestSimperiumCatTests.m in Sources */ = {isa = PBXBuildFile; fileRef = F0A2D4BD1C8BA42200E36FC7 /* TestSimperiumCatTests.m */; };
		F0A2D4D51C8BDD4800E36FC7 /* libSimperium.a in Frameworks */ = {isa = PBXBuildFile; fileRef = F0A2D4D01C8BDD3200E36FC7 /* libSimperium.a */; };
		F0A2D4D71C8BDD7500E36FC7 /* CoreData.framework in Frameworks */ = {isa = PBXBuildFile; fileRef = F0A2D4D61C8BDD7500E36FC7 /* CoreData.framework */; };
		F0A2D4D91C8BDD7E00E36FC7 /* SystemConfiguration.framework in Frameworks */ = {isa = PBXBuildFile; fileRef = F0A2D4D81C8BDD7E00E36FC7 /* SystemConfiguration.framework */; };
		F0A2D4DB1C8BDD8F00E36FC7 /* MobileCoreServices.framework in Frameworks */ = {isa = PBXBuildFile; fileRef = F0A2D4DA1C8BDD8F00E36FC7 /* MobileCoreServices.framework */; };
		F0A2D4DD1C8BDDA600E36FC7 /* CFNetwork.framework in Frameworks */ = {isa = PBXBuildFile; fileRef = F0A2D4DC1C8BDDA600E36FC7 /* CFNetwork.framework */; };
		F0A2D4DF1C8BDDD400E36FC7 /* Security.framework in Frameworks */ = {isa = PBXBuildFile; fileRef = F0A2D4DE1C8BDDD400E36FC7 /* Security.framework */; };
		F0A2D4E11C8BDDDB00E36FC7 /* libz.tbd in Frameworks */ = {isa = PBXBuildFile; fileRef = F0A2D4E01C8BDDDB00E36FC7 /* libz.tbd */; };
		F0A2D4E31C8BDDE400E36FC7 /* libicucore.tbd in Frameworks */ = {isa = PBXBuildFile; fileRef = F0A2D4E21C8BDDE400E36FC7 /* libicucore.tbd */; };
		F0A2D4E81C8BDE7500E36FC7 /* Event+CoreDataProperties.m in Sources */ = {isa = PBXBuildFile; fileRef = F0A2D4E51C8BDE7500E36FC7 /* Event+CoreDataProperties.m */; };
		F0A2D4E91C8BDE7500E36FC7 /* Event.m in Sources */ = {isa = PBXBuildFile; fileRef = F0A2D4E71C8BDE7500E36FC7 /* Event.m */; };
		F0A2D4EC1C8BE18E00E36FC7 /* NSDecimalNumber+LDUtils.m in Sources */ = {isa = PBXBuildFile; fileRef = F0A2D4EB1C8BE18E00E36FC7 /* NSDecimalNumber+LDUtils.m */; };
/* End PBXBuildFile section */

/* Begin PBXContainerItemProxy section */
		F0A2D4BA1C8BA42200E36FC7 /* PBXContainerItemProxy */ = {
			isa = PBXContainerItemProxy;
			containerPortal = F0A2D4921C8BA42200E36FC7 /* Project object */;
			proxyType = 1;
			remoteGlobalIDString = F0A2D4991C8BA42200E36FC7;
			remoteInfo = TestSimperiumCat;
		};
		F0A2D4CF1C8BDD3200E36FC7 /* PBXContainerItemProxy */ = {
			isa = PBXContainerItemProxy;
			containerPortal = F0A2D4C81C8BDD3100E36FC7 /* Simperium.xcodeproj */;
			proxyType = 2;
			remoteGlobalIDString = 264CD8FB135DFD7A00C51BAD;
			remoteInfo = Simperium;
		};
		F0A2D4D11C8BDD3200E36FC7 /* PBXContainerItemProxy */ = {
			isa = PBXContainerItemProxy;
			containerPortal = F0A2D4C81C8BDD3100E36FC7 /* Simperium.xcodeproj */;
			proxyType = 2;
			remoteGlobalIDString = 264CD908135DFD7A00C51BAD;
			remoteInfo = IntegrationTests;
		};
		F0A2D4D31C8BDD3200E36FC7 /* PBXContainerItemProxy */ = {
			isa = PBXContainerItemProxy;
			containerPortal = F0A2D4C81C8BDD3100E36FC7 /* Simperium.xcodeproj */;
			proxyType = 2;
			remoteGlobalIDString = B5E8D33A1831237500AE2C5A;
			remoteInfo = UnitTests;
		};
/* End PBXContainerItemProxy section */

/* Begin PBXFileReference section */
		F0A2D49A1C8BA42200E36FC7 /* TestSimperiumCat.app */ = {isa = PBXFileReference; explicitFileType = wrapper.application; includeInIndex = 0; path = TestSimperiumCat.app; sourceTree = BUILT_PRODUCTS_DIR; };
		F0A2D49E1C8BA42200E36FC7 /* main.m */ = {isa = PBXFileReference; lastKnownFileType = sourcecode.c.objc; path = main.m; sourceTree = "<group>"; };
		F0A2D4A01C8BA42200E36FC7 /* AppDelegate.h */ = {isa = PBXFileReference; lastKnownFileType = sourcecode.c.h; path = AppDelegate.h; sourceTree = "<group>"; };
		F0A2D4A11C8BA42200E36FC7 /* AppDelegate.m */ = {isa = PBXFileReference; lastKnownFileType = sourcecode.c.objc; path = AppDelegate.m; sourceTree = "<group>"; };
		F0A2D4A41C8BA42200E36FC7 /* TestSimperiumCat.xcdatamodel */ = {isa = PBXFileReference; lastKnownFileType = wrapper.xcdatamodel; path = TestSimperiumCat.xcdatamodel; sourceTree = "<group>"; };
		F0A2D4A61C8BA42200E36FC7 /* MasterViewController.h */ = {isa = PBXFileReference; lastKnownFileType = sourcecode.c.h; path = MasterViewController.h; sourceTree = "<group>"; };
		F0A2D4A71C8BA42200E36FC7 /* MasterViewController.m */ = {isa = PBXFileReference; lastKnownFileType = sourcecode.c.objc; path = MasterViewController.m; sourceTree = "<group>"; };
		F0A2D4A91C8BA42200E36FC7 /* DetailViewController.h */ = {isa = PBXFileReference; lastKnownFileType = sourcecode.c.h; path = DetailViewController.h; sourceTree = "<group>"; };
		F0A2D4AA1C8BA42200E36FC7 /* DetailViewController.m */ = {isa = PBXFileReference; lastKnownFileType = sourcecode.c.objc; path = DetailViewController.m; sourceTree = "<group>"; };
		F0A2D4AD1C8BA42200E36FC7 /* Base */ = {isa = PBXFileReference; lastKnownFileType = file.storyboard; name = Base; path = Base.lproj/Main.storyboard; sourceTree = "<group>"; };
		F0A2D4AF1C8BA42200E36FC7 /* Assets.xcassets */ = {isa = PBXFileReference; lastKnownFileType = folder.assetcatalog; path = Assets.xcassets; sourceTree = "<group>"; };
		F0A2D4B21C8BA42200E36FC7 /* Base */ = {isa = PBXFileReference; lastKnownFileType = file.storyboard; name = Base; path = Base.lproj/LaunchScreen.storyboard; sourceTree = "<group>"; };
		F0A2D4B41C8BA42200E36FC7 /* Info.plist */ = {isa = PBXFileReference; lastKnownFileType = text.plist.xml; path = Info.plist; sourceTree = "<group>"; };
		F0A2D4B91C8BA42200E36FC7 /* TestSimperiumCatTests.xctest */ = {isa = PBXFileReference; explicitFileType = wrapper.cfbundle; includeInIndex = 0; path = TestSimperiumCatTests.xctest; sourceTree = BUILT_PRODUCTS_DIR; };
		F0A2D4BD1C8BA42200E36FC7 /* TestSimperiumCatTests.m */ = {isa = PBXFileReference; lastKnownFileType = sourcecode.c.objc; path = TestSimperiumCatTests.m; sourceTree = "<group>"; };
		F0A2D4BF1C8BA42200E36FC7 /* Info.plist */ = {isa = PBXFileReference; lastKnownFileType = text.plist.xml; path = Info.plist; sourceTree = "<group>"; };
		F0A2D4C81C8BDD3100E36FC7 /* Simperium.xcodeproj */ = {isa = PBXFileReference; lastKnownFileType = "wrapper.pb-project"; name = Simperium.xcodeproj; path = "../../Downloads/simperium-ios-0.8.12/Simperium.xcodeproj"; sourceTree = "<group>"; };
		F0A2D4D61C8BDD7500E36FC7 /* CoreData.framework */ = {isa = PBXFileReference; lastKnownFileType = wrapper.framework; name = CoreData.framework; path = System/Library/Frameworks/CoreData.framework; sourceTree = SDKROOT; };
		F0A2D4D81C8BDD7E00E36FC7 /* SystemConfiguration.framework */ = {isa = PBXFileReference; lastKnownFileType = wrapper.framework; name = SystemConfiguration.framework; path = System/Library/Frameworks/SystemConfiguration.framework; sourceTree = SDKROOT; };
		F0A2D4DA1C8BDD8F00E36FC7 /* MobileCoreServices.framework */ = {isa = PBXFileReference; lastKnownFileType = wrapper.framework; name = MobileCoreServices.framework; path = System/Library/Frameworks/MobileCoreServices.framework; sourceTree = SDKROOT; };
		F0A2D4DC1C8BDDA600E36FC7 /* CFNetwork.framework */ = {isa = PBXFileReference; lastKnownFileType = wrapper.framework; name = CFNetwork.framework; path = System/Library/Frameworks/CFNetwork.framework; sourceTree = SDKROOT; };
		F0A2D4DE1C8BDDD400E36FC7 /* Security.framework */ = {isa = PBXFileReference; lastKnownFileType = wrapper.framework; name = Security.framework; path = System/Library/Frameworks/Security.framework; sourceTree = SDKROOT; };
		F0A2D4E01C8BDDDB00E36FC7 /* libz.tbd */ = {isa = PBXFileReference; lastKnownFileType = "sourcecode.text-based-dylib-definition"; name = libz.tbd; path = usr/lib/libz.tbd; sourceTree = SDKROOT; };
		F0A2D4E21C8BDDE400E36FC7 /* libicucore.tbd */ = {isa = PBXFileReference; lastKnownFileType = "sourcecode.text-based-dylib-definition"; name = libicucore.tbd; path = usr/lib/libicucore.tbd; sourceTree = SDKROOT; };
		F0A2D4E41C8BDE7500E36FC7 /* Event+CoreDataProperties.h */ = {isa = PBXFileReference; fileEncoding = 4; lastKnownFileType = sourcecode.c.h; path = "Event+CoreDataProperties.h"; sourceTree = "<group>"; };
		F0A2D4E51C8BDE7500E36FC7 /* Event+CoreDataProperties.m */ = {isa = PBXFileReference; fileEncoding = 4; lastKnownFileType = sourcecode.c.objc; path = "Event+CoreDataProperties.m"; sourceTree = "<group>"; };
		F0A2D4E61C8BDE7500E36FC7 /* Event.h */ = {isa = PBXFileReference; fileEncoding = 4; lastKnownFileType = sourcecode.c.h; path = Event.h; sourceTree = "<group>"; };
		F0A2D4E71C8BDE7500E36FC7 /* Event.m */ = {isa = PBXFileReference; fileEncoding = 4; lastKnownFileType = sourcecode.c.objc; path = Event.m; sourceTree = "<group>"; };
		F0A2D4EA1C8BE18E00E36FC7 /* NSDecimalNumber+LDUtils.h */ = {isa = PBXFileReference; fileEncoding = 4; lastKnownFileType = sourcecode.c.h; path = "NSDecimalNumber+LDUtils.h"; sourceTree = "<group>"; };
		F0A2D4EB1C8BE18E00E36FC7 /* NSDecimalNumber+LDUtils.m */ = {isa = PBXFileReference; fileEncoding = 4; lastKnownFileType = sourcecode.c.objc; path = "NSDecimalNumber+LDUtils.m"; sourceTree = "<group>"; };
/* End PBXFileReference section */

/* Begin PBXFrameworksBuildPhase section */
		F0A2D4971C8BA42200E36FC7 /* Frameworks */ = {
			isa = PBXFrameworksBuildPhase;
			buildActionMask = 2147483647;
			files = (
				F0A2D4E31C8BDDE400E36FC7 /* libicucore.tbd in Frameworks */,
				F0A2D4E11C8BDDDB00E36FC7 /* libz.tbd in Frameworks */,
				F0A2D4DF1C8BDDD400E36FC7 /* Security.framework in Frameworks */,
				F0A2D4DD1C8BDDA600E36FC7 /* CFNetwork.framework in Frameworks */,
				F0A2D4DB1C8BDD8F00E36FC7 /* MobileCoreServices.framework in Frameworks */,
				F0A2D4D91C8BDD7E00E36FC7 /* SystemConfiguration.framework in Frameworks */,
				F0A2D4D71C8BDD7500E36FC7 /* CoreData.framework in Frameworks */,
				F0A2D4D51C8BDD4800E36FC7 /* libSimperium.a in Frameworks */,
			);
			runOnlyForDeploymentPostprocessing = 0;
		};
		F0A2D4B61C8BA42200E36FC7 /* Frameworks */ = {
			isa = PBXFrameworksBuildPhase;
			buildActionMask = 2147483647;
			files = (
			);
			runOnlyForDeploymentPostprocessing = 0;
		};
/* End PBXFrameworksBuildPhase section */

/* Begin PBXGroup section */
		F0A2D4911C8BA42200E36FC7 = {
			isa = PBXGroup;
			children = (
				F0A2D4E41C8BDE7500E36FC7 /* Event+CoreDataProperties.h */,
				F0A2D4E51C8BDE7500E36FC7 /* Event+CoreDataProperties.m */,
				F0A2D4E61C8BDE7500E36FC7 /* Event.h */,
				F0A2D4E71C8BDE7500E36FC7 /* Event.m */,
				F0A2D4E21C8BDDE400E36FC7 /* libicucore.tbd */,
				F0A2D4E01C8BDDDB00E36FC7 /* libz.tbd */,
				F0A2D4DE1C8BDDD400E36FC7 /* Security.framework */,
				F0A2D4DC1C8BDDA600E36FC7 /* CFNetwork.framework */,
				F0A2D4DA1C8BDD8F00E36FC7 /* MobileCoreServices.framework */,
				F0A2D4D81C8BDD7E00E36FC7 /* SystemConfiguration.framework */,
				F0A2D4D61C8BDD7500E36FC7 /* CoreData.framework */,
				F0A2D4C81C8BDD3100E36FC7 /* Simperium.xcodeproj */,
				F0A2D49C1C8BA42200E36FC7 /* TestSimperiumCat */,
				F0A2D4BC1C8BA42200E36FC7 /* TestSimperiumCatTests */,
				F0A2D49B1C8BA42200E36FC7 /* Products */,
			);
			sourceTree = "<group>";
		};
		F0A2D49B1C8BA42200E36FC7 /* Products */ = {
			isa = PBXGroup;
			children = (
				F0A2D49A1C8BA42200E36FC7 /* TestSimperiumCat.app */,
				F0A2D4B91C8BA42200E36FC7 /* TestSimperiumCatTests.xctest */,
			);
			name = Products;
			sourceTree = "<group>";
		};
		F0A2D49C1C8BA42200E36FC7 /* TestSimperiumCat */ = {
			isa = PBXGroup;
			children = (
				F0A2D4A01C8BA42200E36FC7 /* AppDelegate.h */,
				F0A2D4A11C8BA42200E36FC7 /* AppDelegate.m */,
				F0A2D4A61C8BA42200E36FC7 /* MasterViewController.h */,
				F0A2D4A71C8BA42200E36FC7 /* MasterViewController.m */,
				F0A2D4A91C8BA42200E36FC7 /* DetailViewController.h */,
				F0A2D4AA1C8BA42200E36FC7 /* DetailViewController.m */,
				F0A2D4AC1C8BA42200E36FC7 /* Main.storyboard */,
				F0A2D4AF1C8BA42200E36FC7 /* Assets.xcassets */,
				F0A2D4B11C8BA42200E36FC7 /* LaunchScreen.storyboard */,
				F0A2D4B41C8BA42200E36FC7 /* Info.plist */,
				F0A2D4A31C8BA42200E36FC7 /* TestSimperiumCat.xcdatamodeld */,
				F0A2D49D1C8BA42200E36FC7 /* Supporting Files */,
				F0A2D4EA1C8BE18E00E36FC7 /* NSDecimalNumber+LDUtils.h */,
				F0A2D4EB1C8BE18E00E36FC7 /* NSDecimalNumber+LDUtils.m */,
			);
			path = TestSimperiumCat;
			sourceTree = "<group>";
		};
		F0A2D49D1C8BA42200E36FC7 /* Supporting Files */ = {
			isa = PBXGroup;
			children = (
				F0A2D49E1C8BA42200E36FC7 /* main.m */,
			);
			name = "Supporting Files";
			sourceTree = "<group>";
		};
		F0A2D4BC1C8BA42200E36FC7 /* TestSimperiumCatTests */ = {
			isa = PBXGroup;
			children = (
				F0A2D4BD1C8BA42200E36FC7 /* TestSimperiumCatTests.m */,
				F0A2D4BF1C8BA42200E36FC7 /* Info.plist */,
			);
			path = TestSimperiumCatTests;
			sourceTree = "<group>";
		};
		F0A2D4C91C8BDD3100E36FC7 /* Products */ = {
			isa = PBXGroup;
			children = (
				F0A2D4D01C8BDD3200E36FC7 /* libSimperium.a */,
				F0A2D4D21C8BDD3200E36FC7 /* IntegrationTests.xctest */,
				F0A2D4D41C8BDD3200E36FC7 /* UnitTests.xctest */,
			);
			name = Products;
			sourceTree = "<group>";
		};
/* End PBXGroup section */

/* Begin PBXNativeTarget section */
		F0A2D4991C8BA42200E36FC7 /* TestSimperiumCat */ = {
			isa = PBXNativeTarget;
			buildConfigurationList = F0A2D4C21C8BA42200E36FC7 /* Build configuration list for PBXNativeTarget "TestSimperiumCat" */;
			buildPhases = (
				F0A2D4961C8BA42200E36FC7 /* Sources */,
				F0A2D4971C8BA42200E36FC7 /* Frameworks */,
				F0A2D4981C8BA42200E36FC7 /* Resources */,
			);
			buildRules = (
			);
			dependencies = (
			);
			name = TestSimperiumCat;
			productName = TestSimperiumCat;
			productReference = F0A2D49A1C8BA42200E36FC7 /* TestSimperiumCat.app */;
			productType = "com.apple.product-type.application";
		};
		F0A2D4B81C8BA42200E36FC7 /* TestSimperiumCatTests */ = {
			isa = PBXNativeTarget;
			buildConfigurationList = F0A2D4C51C8BA42200E36FC7 /* Build configuration list for PBXNativeTarget "TestSimperiumCatTests" */;
			buildPhases = (
				F0A2D4B51C8BA42200E36FC7 /* Sources */,
				F0A2D4B61C8BA42200E36FC7 /* Frameworks */,
				F0A2D4B71C8BA42200E36FC7 /* Resources */,
			);
			buildRules = (
			);
			dependencies = (
				F0A2D4BB1C8BA42200E36FC7 /* PBXTargetDependency */,
			);
			name = TestSimperiumCatTests;
			productName = TestSimperiumCatTests;
			productReference = F0A2D4B91C8BA42200E36FC7 /* TestSimperiumCatTests.xctest */;
			productType = "com.apple.product-type.bundle.unit-test";
		};
/* End PBXNativeTarget section */

/* Begin PBXProject section */
		F0A2D4921C8BA42200E36FC7 /* Project object */ = {
			isa = PBXProject;
			attributes = {
				LastUpgradeCheck = 0720;
				ORGANIZATIONNAME = "Hua Ying Ling";
				TargetAttributes = {
					F0A2D4991C8BA42200E36FC7 = {
						CreatedOnToolsVersion = 7.2.1;
					};
					F0A2D4B81C8BA42200E36FC7 = {
						CreatedOnToolsVersion = 7.2.1;
						TestTargetID = F0A2D4991C8BA42200E36FC7;
					};
				};
			};
			buildConfigurationList = F0A2D4951C8BA42200E36FC7 /* Build configuration list for PBXProject "TestSimperiumCat" */;
			compatibilityVersion = "Xcode 3.2";
			developmentRegion = English;
			hasScannedForEncodings = 0;
			knownRegions = (
				en,
				Base,
			);
			mainGroup = F0A2D4911C8BA42200E36FC7;
			productRefGroup = F0A2D49B1C8BA42200E36FC7 /* Products */;
			projectDirPath = "";
			projectReferences = (
				{
					ProductGroup = F0A2D4C91C8BDD3100E36FC7 /* Products */;
					ProjectRef = F0A2D4C81C8BDD3100E36FC7 /* Simperium.xcodeproj */;
				},
			);
			projectRoot = "";
			targets = (
				F0A2D4991C8BA42200E36FC7 /* TestSimperiumCat */,
				F0A2D4B81C8BA42200E36FC7 /* TestSimperiumCatTests */,
			);
		};
/* End PBXProject section */

/* Begin PBXReferenceProxy section */
		F0A2D4D01C8BDD3200E36FC7 /* libSimperium.a */ = {
			isa = PBXReferenceProxy;
			fileType = archive.ar;
			path = libSimperium.a;
			remoteRef = F0A2D4CF1C8BDD3200E36FC7 /* PBXContainerItemProxy */;
			sourceTree = BUILT_PRODUCTS_DIR;
		};
		F0A2D4D21C8BDD3200E36FC7 /* IntegrationTests.xctest */ = {
			isa = PBXReferenceProxy;
			fileType = wrapper.cfbundle;
			path = IntegrationTests.xctest;
			remoteRef = F0A2D4D11C8BDD3200E36FC7 /* PBXContainerItemProxy */;
			sourceTree = BUILT_PRODUCTS_DIR;
		};
		F0A2D4D41C8BDD3200E36FC7 /* UnitTests.xctest */ = {
			isa = PBXReferenceProxy;
			fileType = wrapper.cfbundle;
			path = UnitTests.xctest;
			remoteRef = F0A2D4D31C8BDD3200E36FC7 /* PBXContainerItemProxy */;
			sourceTree = BUILT_PRODUCTS_DIR;
		};
/* End PBXReferenceProxy section */

/* Begin PBXResourcesBuildPhase section */
		F0A2D4981C8BA42200E36FC7 /* Resources */ = {
			isa = PBXResourcesBuildPhase;
			buildActionMask = 2147483647;
			files = (
				F0A2D4B31C8BA42200E36FC7 /* LaunchScreen.storyboard in Resources */,
				F0A2D4B01C8BA42200E36FC7 /* Assets.xcassets in Resources */,
				F0A2D4AE1C8BA42200E36FC7 /* Main.storyboard in Resources */,
			);
			runOnlyForDeploymentPostprocessing = 0;
		};
		F0A2D4B71C8BA42200E36FC7 /* Resources */ = {
			isa = PBXResourcesBuildPhase;
			buildActionMask = 2147483647;
			files = (
			);
			runOnlyForDeploymentPostprocessing = 0;
		};
/* End PBXResourcesBuildPhase section */

/* Begin PBXSourcesBuildPhase section */
		F0A2D4961C8BA42200E36FC7 /* Sources */ = {
			isa = PBXSourcesBuildPhase;
			buildActionMask = 2147483647;
			files = (
				F0A2D4AB1C8BA42200E36FC7 /* DetailViewController.m in Sources */,
				F0A2D4EC1C8BE18E00E36FC7 /* NSDecimalNumber+LDUtils.m in Sources */,
				F0A2D4A81C8BA42200E36FC7 /* MasterViewController.m in Sources */,
				F0A2D4E81C8BDE7500E36FC7 /* Event+CoreDataProperties.m in Sources */,
				F0A2D4A51C8BA42200E36FC7 /* TestSimperiumCat.xcdatamodeld in Sources */,
				F0A2D4A21C8BA42200E36FC7 /* AppDelegate.m in Sources */,
				F0A2D49F1C8BA42200E36FC7 /* main.m in Sources */,
				F0A2D4E91C8BDE7500E36FC7 /* Event.m in Sources */,
			);
			runOnlyForDeploymentPostprocessing = 0;
		};
		F0A2D4B51C8BA42200E36FC7 /* Sources */ = {
			isa = PBXSourcesBuildPhase;
			buildActionMask = 2147483647;
			files = (
				F0A2D4BE1C8BA42200E36FC7 /* TestSimperiumCatTests.m in Sources */,
			);
			runOnlyForDeploymentPostprocessing = 0;
		};
/* End PBXSourcesBuildPhase section */

/* Begin PBXTargetDependency section */
		F0A2D4BB1C8BA42200E36FC7 /* PBXTargetDependency */ = {
			isa = PBXTargetDependency;
			target = F0A2D4991C8BA42200E36FC7 /* TestSimperiumCat */;
			targetProxy = F0A2D4BA1C8BA42200E36FC7 /* PBXContainerItemProxy */;
		};
/* End PBXTargetDependency section */

/* Begin PBXVariantGroup section */
		F0A2D4AC1C8BA42200E36FC7 /* Main.storyboard */ = {
			isa = PBXVariantGroup;
			children = (
				F0A2D4AD1C8BA42200E36FC7 /* Base */,
			);
			name = Main.storyboard;
			sourceTree = "<group>";
		};
		F0A2D4B11C8BA42200E36FC7 /* LaunchScreen.storyboard */ = {
			isa = PBXVariantGroup;
			children = (
				F0A2D4B21C8BA42200E36FC7 /* Base */,
			);
			name = LaunchScreen.storyboard;
			sourceTree = "<group>";
		};
/* End PBXVariantGroup section */

/* Begin XCBuildConfiguration section */
		F0A2D4C01C8BA42200E36FC7 /* Debug */ = {
			isa = XCBuildConfiguration;
			buildSettings = {
				ALWAYS_SEARCH_USER_PATHS = NO;
				CLANG_CXX_LANGUAGE_STANDARD = "gnu++0x";
				CLANG_CXX_LIBRARY = "libc++";
				CLANG_ENABLE_MODULES = YES;
				CLANG_ENABLE_OBJC_ARC = YES;
				CLANG_WARN_BOOL_CONVERSION = YES;
				CLANG_WARN_CONSTANT_CONVERSION = YES;
				CLANG_WARN_DIRECT_OBJC_ISA_USAGE = YES_ERROR;
				CLANG_WARN_EMPTY_BODY = YES;
				CLANG_WARN_ENUM_CONVERSION = YES;
				CLANG_WARN_INT_CONVERSION = YES;
				CLANG_WARN_OBJC_ROOT_CLASS = YES_ERROR;
				CLANG_WARN_UNREACHABLE_CODE = YES;
				CLANG_WARN__DUPLICATE_METHOD_MATCH = YES;
				"CODE_SIGN_IDENTITY[sdk=iphoneos*]" = "iPhone Developer";
				COPY_PHASE_STRIP = NO;
				DEBUG_INFORMATION_FORMAT = dwarf;
				ENABLE_STRICT_OBJC_MSGSEND = YES;
				ENABLE_TESTABILITY = YES;
				GCC_C_LANGUAGE_STANDARD = gnu99;
				GCC_DYNAMIC_NO_PIC = NO;
				GCC_NO_COMMON_BLOCKS = YES;
				GCC_OPTIMIZATION_LEVEL = 0;
				GCC_PREPROCESSOR_DEFINITIONS = (
					"DEBUG=1",
					"$(inherited)",
				);
				GCC_WARN_64_TO_32_BIT_CONVERSION = YES;
				GCC_WARN_ABOUT_RETURN_TYPE = YES_ERROR;
				GCC_WARN_UNDECLARED_SELECTOR = YES;
				GCC_WARN_UNINITIALIZED_AUTOS = YES_AGGRESSIVE;
				GCC_WARN_UNUSED_FUNCTION = YES;
				GCC_WARN_UNUSED_VARIABLE = YES;
				IPHONEOS_DEPLOYMENT_TARGET = 9.2;
				MTL_ENABLE_DEBUG_INFO = YES;
				ONLY_ACTIVE_ARCH = YES;
				SDKROOT = iphoneos;
			};
			name = Debug;
		};
		F0A2D4C11C8BA42200E36FC7 /* Release */ = {
			isa = XCBuildConfiguration;
			buildSettings = {
				ALWAYS_SEARCH_USER_PATHS = NO;
				CLANG_CXX_LANGUAGE_STANDARD = "gnu++0x";
				CLANG_CXX_LIBRARY = "libc++";
				CLANG_ENABLE_MODULES = YES;
				CLANG_ENABLE_OBJC_ARC = YES;
				CLANG_WARN_BOOL_CONVERSION = YES;
				CLANG_WARN_CONSTANT_CONVERSION = YES;
				CLANG_WARN_DIRECT_OBJC_ISA_USAGE = YES_ERROR;
				CLANG_WARN_EMPTY_BODY = YES;
				CLANG_WARN_ENUM_CONVERSION = YES;
				CLANG_WARN_INT_CONVERSION = YES;
				CLANG_WARN_OBJC_ROOT_CLASS = YES_ERROR;
				CLANG_WARN_UNREACHABLE_CODE = YES;
				CLANG_WARN__DUPLICATE_METHOD_MATCH = YES;
				"CODE_SIGN_IDENTITY[sdk=iphoneos*]" = "iPhone Developer";
				COPY_PHASE_STRIP = NO;
				DEBUG_INFORMATION_FORMAT = "dwarf-with-dsym";
				ENABLE_NS_ASSERTIONS = NO;
				ENABLE_STRICT_OBJC_MSGSEND = YES;
				GCC_C_LANGUAGE_STANDARD = gnu99;
				GCC_NO_COMMON_BLOCKS = YES;
				GCC_WARN_64_TO_32_BIT_CONVERSION = YES;
				GCC_WARN_ABOUT_RETURN_TYPE = YES_ERROR;
				GCC_WARN_UNDECLARED_SELECTOR = YES;
				GCC_WARN_UNINITIALIZED_AUTOS = YES_AGGRESSIVE;
				GCC_WARN_UNUSED_FUNCTION = YES;
				GCC_WARN_UNUSED_VARIABLE = YES;
				IPHONEOS_DEPLOYMENT_TARGET = 9.2;
				MTL_ENABLE_DEBUG_INFO = NO;
				SDKROOT = iphoneos;
				VALIDATE_PRODUCT = YES;
			};
			name = Release;
		};
		F0A2D4C31C8BA42200E36FC7 /* Debug */ = {
			isa = XCBuildConfiguration;
			buildSettings = {
				ASSETCATALOG_COMPILER_APPICON_NAME = AppIcon;
				INFOPLIST_FILE = TestSimperiumCat/Info.plist;
				LD_RUNPATH_SEARCH_PATHS = "$(inherited) @executable_path/Frameworks";
				OTHER_LDFLAGS = "-ObjC";
				PRODUCT_BUNDLE_IDENTIFIER = com.LingsDesigns.TestSimperiumCat;
				PRODUCT_NAME = "$(TARGET_NAME)";
			};
			name = Debug;
		};
		F0A2D4C41C8BA42200E36FC7 /* Release */ = {
			isa = XCBuildConfiguration;
			buildSettings = {
				ASSETCATALOG_COMPILER_APPICON_NAME = AppIcon;
				INFOPLIST_FILE = TestSimperiumCat/Info.plist;
				LD_RUNPATH_SEARCH_PATHS = "$(inherited) @executable_path/Frameworks";
				OTHER_LDFLAGS = "-ObjC";
				PRODUCT_BUNDLE_IDENTIFIER = com.LingsDesigns.TestSimperiumCat;
				PRODUCT_NAME = "$(TARGET_NAME)";
			};
			name = Release;
		};
		F0A2D4C61C8BA42200E36FC7 /* Debug */ = {
			isa = XCBuildConfiguration;
			buildSettings = {
				BUNDLE_LOADER = "$(TEST_HOST)";
				INFOPLIST_FILE = TestSimperiumCatTests/Info.plist;
				LD_RUNPATH_SEARCH_PATHS = "$(inherited) @executable_path/Frameworks @loader_path/Frameworks";
				PRODUCT_BUNDLE_IDENTIFIER = com.LingsDesigns.TestSimperiumCatTests;
				PRODUCT_NAME = "$(TARGET_NAME)";
				TEST_HOST = "$(BUILT_PRODUCTS_DIR)/TestSimperiumCat.app/TestSimperiumCat";
			};
			name = Debug;
		};
		F0A2D4C71C8BA42200E36FC7 /* Release */ = {
			isa = XCBuildConfiguration;
			buildSettings = {
				BUNDLE_LOADER = "$(TEST_HOST)";
				INFOPLIST_FILE = TestSimperiumCatTests/Info.plist;
				LD_RUNPATH_SEARCH_PATHS = "$(inherited) @executable_path/Frameworks @loader_path/Frameworks";
				PRODUCT_BUNDLE_IDENTIFIER = com.LingsDesigns.TestSimperiumCatTests;
				PRODUCT_NAME = "$(TARGET_NAME)";
				TEST_HOST = "$(BUILT_PRODUCTS_DIR)/TestSimperiumCat.app/TestSimperiumCat";
			};
			name = Release;
		};
/* End XCBuildConfiguration section */

/* Begin XCConfigurationList section */
		F0A2D4951C8BA42200E36FC7 /* Build configuration list for PBXProject "TestSimperiumCat" */ = {
			isa = XCConfigurationList;
			buildConfigurations = (
				F0A2D4C01C8BA42200E36FC7 /* Debug */,
				F0A2D4C11C8BA42200E36FC7 /* Release */,
			);
			defaultConfigurationIsVisible = 0;
			defaultConfigurationName = Release;
		};
		F0A2D4C21C8BA42200E36FC7 /* Build configuration list for PBXNativeTarget "TestSimperiumCat" */ = {
			isa = XCConfigurationList;
			buildConfigurations = (
				F0A2D4C31C8BA42200E36FC7 /* Debug */,
				F0A2D4C41C8BA42200E36FC7 /* Release */,
			);
			defaultConfigurationIsVisible = 0;
		};
		F0A2D4C51C8BA42200E36FC7 /* Build configuration list for PBXNativeTarget "TestSimperiumCatTests" */ = {
			isa = XCConfigurationList;
			buildConfigurations = (
				F0A2D4C61C8BA42200E36FC7 /* Debug */,
				F0A2D4C71C8BA42200E36FC7 /* Release */,
			);
			defaultConfigurationIsVisible = 0;
		};
/* End XCConfigurationList section */

/* Begin XCVersionGroup section */
		F0A2D4A31C8BA42200E36FC7 /* TestSimperiumCat.xcdatamodeld */ = {
			isa = XCVersionGroup;
			children = (
				F0A2D4A41C8BA42200E36FC7 /* TestSimperiumCat.xcdatamodel */,
			);
			currentVersion = F0A2D4A41C8BA42200E36FC7 /* TestSimperiumCat.xcdatamodel */;
			path = TestSimperiumCat.xcdatamodeld;
			sourceTree = "<group>";
			versionGroupType = wrapper.xcdatamodel;
		};
/* End XCVersionGroup section */
	};
	rootObject = F0A2D4921C8BA42200E36FC7 /* Project object */;
}
